
Microsoft Visual Studio Solution File, Format Version 12.00
Project("{FAE04EC0-301F-11D3-BF4B-00C04F79EFBC}") = "DesignErrors", "DesignErrors\DesignErrors.csproj", "{188EC281-16ED-49BC-B923-128F5A039F71}"
EndProject
Project("{FAE04EC0-301F-11D3-BF4B-00C04F79EFBC}") = "DesignTrue", "DesignTrue\DesignTrue.csproj", "{C857EA32-B6CD-400F-B751-9E2DEA0BF62B}"
EndProject
Project("{FAE04EC0-301F-11D3-BF4B-00C04F79EFBC}") = "SingleResponsabilityTrue", "SingleResponsabilityTrue\SingleResponsabilityTrue.csproj", "{F834F254-7665-4664-8AD0-9C8C7AF9FCBA}"
EndProject
Project("{FAE04EC0-301F-11D3-BF4B-00C04F79EFBC}") = "SingleResponsabilityError", "SingleResponsabilityError\SingleResponsabilityError.csproj", "{F3F3846E-2F7D-4B4B-B1F8-F3DEEE405D0E}"
EndProject
Project("{2150E333-8FDC-42A3-9474-1A3956D46DE8}") = "Design", "Design", "{C6662C3C-F60A-46C6-9F5F-1F9C4F56EC9F}"
EndProject
Project("{2150E333-8FDC-42A3-9474-1A3956D46DE8}") = "SRP", "SRP", "{5CAC029C-0059-41BF-ADDB-531BC96C5566}"
EndProject
Project("{2150E333-8FDC-42A3-9474-1A3956D46DE8}") = "OCP", "OCP", "{FA387554-E32A-45C0-BD7B-E794C62ECE31}"
EndProject
Project("{FAE04EC0-301F-11D3-BF4B-00C04F79EFBC}") = "OpenClosedTrue", "OpenClosedTrue\OpenClosedTrue.csproj", "{D842C202-CC0D-485C-A38A-874241D74034}"
EndProject
Project("{FAE04EC0-301F-11D3-BF4B-00C04F79EFBC}") = "OpenClosedError", "OpenClosedError\OpenClosedError.csproj", "{4906F21C-AF46-4E94-AC34-8840DA01624B}"
EndProject
Global
	GlobalSection(SolutionConfigurationPlatforms) = preSolution
		Debug|Any CPU = Debug|Any CPU
		Release|Any CPU = Release|Any CPU
	EndGlobalSection
	GlobalSection(ProjectConfigurationPlatforms) = postSolution
		{188EC281-16ED-49BC-B923-128F5A039F71}.Debug|Any CPU.ActiveCfg = Debug|Any CPU
		{188EC281-16ED-49BC-B923-128F5A039F71}.Debug|Any CPU.Build.0 = Debug|Any CPU
		{188EC281-16ED-49BC-B923-128F5A039F71}.Release|Any CPU.ActiveCfg = Release|Any CPU
		{188EC281-16ED-49BC-B923-128F5A039F71}.Release|Any CPU.Build.0 = Release|Any CPU
		{C857EA32-B6CD-400F-B751-9E2DEA0BF62B}.Debug|Any CPU.ActiveCfg = Debug|Any CPU
		{C857EA32-B6CD-400F-B751-9E2DEA0BF62B}.Debug|Any CPU.Build.0 = Debug|Any CPU
		{C857EA32-B6CD-400F-B751-9E2DEA0BF62B}.Release|Any CPU.ActiveCfg = Release|Any CPU
		{C857EA32-B6CD-400F-B751-9E2DEA0BF62B}.Release|Any CPU.Build.0 = Release|Any CPU
		{F834F254-7665-4664-8AD0-9C8C7AF9FCBA}.Debug|Any CPU.ActiveCfg = Debug|Any CPU
		{F834F254-7665-4664-8AD0-9C8C7AF9FCBA}.Debug|Any CPU.Build.0 = Debug|Any CPU
		{F834F254-7665-4664-8AD0-9C8C7AF9FCBA}.Release|Any CPU.ActiveCfg = Release|Any CPU
		{F834F254-7665-4664-8AD0-9C8C7AF9FCBA}.Release|Any CPU.Build.0 = Release|Any CPU
		{F3F3846E-2F7D-4B4B-B1F8-F3DEEE405D0E}.Debug|Any CPU.ActiveCfg = Debug|Any CPU
		{F3F3846E-2F7D-4B4B-B1F8-F3DEEE405D0E}.Debug|Any CPU.Build.0 = Debug|Any CPU
		{F3F3846E-2F7D-4B4B-B1F8-F3DEEE405D0E}.Release|Any CPU.ActiveCfg = Release|Any CPU
		{F3F3846E-2F7D-4B4B-B1F8-F3DEEE405D0E}.Release|Any CPU.Build.0 = Release|Any CPU
		{D842C202-CC0D-485C-A38A-874241D74034}.Debug|Any CPU.ActiveCfg = Debug|Any CPU
		{D842C202-CC0D-485C-A38A-874241D74034}.Debug|Any CPU.Build.0 = Debug|Any CPU
		{D842C202-CC0D-485C-A38A-874241D74034}.Release|Any CPU.ActiveCfg = Release|Any CPU
		{D842C202-CC0D-485C-A38A-874241D74034}.Release|Any CPU.Build.0 = Release|Any CPU
		{4906F21C-AF46-4E94-AC34-8840DA01624B}.Debug|Any CPU.ActiveCfg = Debug|Any CPU
		{4906F21C-AF46-4E94-AC34-8840DA01624B}.Debug|Any CPU.Build.0 = Debug|Any CPU
		{4906F21C-AF46-4E94-AC34-8840DA01624B}.Release|Any CPU.ActiveCfg = Release|Any CPU
		{4906F21C-AF46-4E94-AC34-8840DA01624B}.Release|Any CPU.Build.0 = Release|Any CPU
	EndGlobalSection
	GlobalSection(NestedProjects) = preSolution
		{188EC281-16ED-49BC-B923-128F5A039F71} = {C6662C3C-F60A-46C6-9F5F-1F9C4F56EC9F}
		{C857EA32-B6CD-400F-B751-9E2DEA0BF62B} = {C6662C3C-F60A-46C6-9F5F-1F9C4F56EC9F}
		{F3F3846E-2F7D-4B4B-B1F8-F3DEEE405D0E} = {5CAC029C-0059-41BF-ADDB-531BC96C5566}
		{F834F254-7665-4664-8AD0-9C8C7AF9FCBA} = {5CAC029C-0059-41BF-ADDB-531BC96C5566}
		{D842C202-CC0D-485C-A38A-874241D74034} = {FA387554-E32A-45C0-BD7B-E794C62ECE31}
		{4906F21C-AF46-4E94-AC34-8840DA01624B} = {FA387554-E32A-45C0-BD7B-E794C62ECE31}
	EndGlobalSection
EndGlobal
